
Microsoft Visual Studio Solution File, Format Version 12.00
# Visual Studio Version 16
VisualStudioVersion = 16.0.30002.166
MinimumVisualStudioVersion = 10.0.40219.1
Project("{FAE04EC0-301F-11D3-BF4B-00C04F79EFBC}") = "UpBell", "UpBell.csproj", "{A2E125AB-1CFB-40DB-808D-F6A0D41FD77E}"
EndProject
Global
	GlobalSection(SolutionConfigurationPlatforms) = preSolution
		Debug|Any CPU = Debug|Any CPU
		Release|Any CPU = Release|Any CPU
	EndGlobalSection
	GlobalSection(ProjectConfigurationPlatforms) = postSolution
		{A2E125AB-1CFB-40DB-808D-F6A0D41FD77E}.Debug|Any CPU.ActiveCfg = Debug|Any CPU
		{A2E125AB-1CFB-40DB-808D-F6A0D41FD77E}.Debug|Any CPU.Build.0 = Debug|Any CPU
		{A2E125AB-1CFB-40DB-808D-F6A0D41FD77E}.Release|Any CPU.ActiveCfg = Release|Any CPU
		{A2E125AB-1CFB-40DB-808D-F6A0D41FD77E}.Release|Any CPU.Build.0 = Release|Any CPU
	EndGlobalSection
	GlobalSection(SolutionProperties) = preSolution
		HideSolutionNode = FALSE
	EndGlobalSection
	GlobalSection(ExtensibilityGlobals) = postSolution
		SolutionGuid = {98EE02F2-44D1-473B-9E20-14F04DFB4C9E}
	EndGlobalSection
EndGlobal
